
Microsoft Visual Studio Solution File, Format Version 12.00
# Visual Studio 14
VisualStudioVersion = 14.0.25420.1
MinimumVisualStudioVersion = 10.0.40219.1
Project("{FAE04EC0-301F-11D3-BF4B-00C04F79EFBC}") = "HomelessHelper.Web", "HomelessHelper\HomelessHelper.Web.csproj", "{8E8AD4FD-8368-406C-BC42-BE8673F8E905}"
EndProject
Project("{FAE04EC0-301F-11D3-BF4B-00C04F79EFBC}") = "HomelessHelper.Core", "HomelessHelper.Core\HomelessHelper.Core.csproj", "{EDE2479B-DD4F-4A76-9954-3BFA80FA2610}"
EndProject
Project("{FAE04EC0-301F-11D3-BF4B-00C04F79EFBC}") = "HomelessHelper.Test", "HomelessHelper.Test\HomelessHelper.Test.csproj", "{15687FE8-058F-47AA-AA58-5C23F3714D09}"
EndProject
Global
	GlobalSection(SolutionConfigurationPlatforms) = preSolution
		Debug|Any CPU = Debug|Any CPU
		Release|Any CPU = Release|Any CPU
	EndGlobalSection
	GlobalSection(ProjectConfigurationPlatforms) = postSolution
		{8E8AD4FD-8368-406C-BC42-BE8673F8E905}.Debug|Any CPU.ActiveCfg = Debug|Any CPU
		{8E8AD4FD-8368-406C-BC42-BE8673F8E905}.Debug|Any CPU.Build.0 = Debug|Any CPU
		{8E8AD4FD-8368-406C-BC42-BE8673F8E905}.Release|Any CPU.ActiveCfg = Release|Any CPU
		{8E8AD4FD-8368-406C-BC42-BE8673F8E905}.Release|Any CPU.Build.0 = Release|Any CPU
		{EDE2479B-DD4F-4A76-9954-3BFA80FA2610}.Debug|Any CPU.ActiveCfg = Debug|Any CPU
		{EDE2479B-DD4F-4A76-9954-3BFA80FA2610}.Debug|Any CPU.Build.0 = Debug|Any CPU
		{EDE2479B-DD4F-4A76-9954-3BFA80FA2610}.Release|Any CPU.ActiveCfg = Release|Any CPU
		{EDE2479B-DD4F-4A76-9954-3BFA80FA2610}.Release|Any CPU.Build.0 = Release|Any CPU
		{15687FE8-058F-47AA-AA58-5C23F3714D09}.Debug|Any CPU.ActiveCfg = Debug|Any CPU
		{15687FE8-058F-47AA-AA58-5C23F3714D09}.Debug|Any CPU.Build.0 = Debug|Any CPU
		{15687FE8-058F-47AA-AA58-5C23F3714D09}.Release|Any CPU.ActiveCfg = Release|Any CPU
		{15687FE8-058F-47AA-AA58-5C23F3714D09}.Release|Any CPU.Build.0 = Release|Any CPU
	EndGlobalSection
	GlobalSection(SolutionProperties) = preSolution
		HideSolutionNode = FALSE
	EndGlobalSection
EndGlobal
